
Microsoft Visual Studio Solution File, Format Version 12.00
# Visual Studio Version 16
VisualStudioVersion = 16.0.31129.286
MinimumVisualStudioVersion = 10.0.40219.1
Project("{9A19103F-16F7-4668-BE54-9A1E7A4F7556}") = "Dal", "Dal\Dal.csproj", "{D8FA9885-430E-4DA1-A87A-C72EA3E67CF4}"
EndProject
Project("{9A19103F-16F7-4668-BE54-9A1E7A4F7556}") = "Entities", "Models\Entities.csproj", "{587E1ECB-F16D-4282-B3A4-F1DF8ECBBA60}"
EndProject
Project("{9A19103F-16F7-4668-BE54-9A1E7A4F7556}") = "Bl", "Bl\Bl.csproj", "{BADCB17C-0FAD-4F05-A446-02BC827B762C}"
EndProject
Project("{9A19103F-16F7-4668-BE54-9A1E7A4F7556}") = "ConsoleApp", "ConsoleApp\ConsoleApp.csproj", "{05AC3CDF-CB3F-4B7D-8651-E5D05A14D7BD}"
EndProject
Global
	GlobalSection(SolutionConfigurationPlatforms) = preSolution
		Debug|Any CPU = Debug|Any CPU
		Release|Any CPU = Release|Any CPU
	EndGlobalSection
	GlobalSection(ProjectConfigurationPlatforms) = postSolution
		{D8FA9885-430E-4DA1-A87A-C72EA3E67CF4}.Debug|Any CPU.ActiveCfg = Debug|Any CPU
		{D8FA9885-430E-4DA1-A87A-C72EA3E67CF4}.Debug|Any CPU.Build.0 = Debug|Any CPU
		{D8FA9885-430E-4DA1-A87A-C72EA3E67CF4}.Release|Any CPU.ActiveCfg = Release|Any CPU
		{D8FA9885-430E-4DA1-A87A-C72EA3E67CF4}.Release|Any CPU.Build.0 = Release|Any CPU
		{587E1ECB-F16D-4282-B3A4-F1DF8ECBBA60}.Debug|Any CPU.ActiveCfg = Debug|Any CPU
		{587E1ECB-F16D-4282-B3A4-F1DF8ECBBA60}.Debug|Any CPU.Build.0 = Debug|Any CPU
		{587E1ECB-F16D-4282-B3A4-F1DF8ECBBA60}.Release|Any CPU.ActiveCfg = Release|Any CPU
		{587E1ECB-F16D-4282-B3A4-F1DF8ECBBA60}.Release|Any CPU.Build.0 = Release|Any CPU
		{BADCB17C-0FAD-4F05-A446-02BC827B762C}.Debug|Any CPU.ActiveCfg = Debug|Any CPU
		{BADCB17C-0FAD-4F05-A446-02BC827B762C}.Debug|Any CPU.Build.0 = Debug|Any CPU
		{BADCB17C-0FAD-4F05-A446-02BC827B762C}.Release|Any CPU.ActiveCfg = Release|Any CPU
		{BADCB17C-0FAD-4F05-A446-02BC827B762C}.Release|Any CPU.Build.0 = Release|Any CPU
		{05AC3CDF-CB3F-4B7D-8651-E5D05A14D7BD}.Debug|Any CPU.ActiveCfg = Debug|Any CPU
		{05AC3CDF-CB3F-4B7D-8651-E5D05A14D7BD}.Debug|Any CPU.Build.0 = Debug|Any CPU
		{05AC3CDF-CB3F-4B7D-8651-E5D05A14D7BD}.Release|Any CPU.ActiveCfg = Release|Any CPU
		{05AC3CDF-CB3F-4B7D-8651-E5D05A14D7BD}.Release|Any CPU.Build.0 = Release|Any CPU
	EndGlobalSection
	GlobalSection(SolutionProperties) = preSolution
		HideSolutionNode = FALSE
	EndGlobalSection
	GlobalSection(ExtensibilityGlobals) = postSolution
		SolutionGuid = {2D7DD738-8B2A-443F-972E-220835088468}
	EndGlobalSection
EndGlobal
